// !$*UTF8*$!
{
	archiveVersion = 1;
	classes = {
	};
	objectVersion = 50;
	objects = {

/* Begin PBXBuildFile section */
		0E68EC0FA1668E4D34B4A74C /* Pods_test2.framework in Frameworks */ = {isa = PBXBuildFile; fileRef = E4DEF187FAB6A7B6F9E4A193 /* Pods_test2.framework */; };
		850D396C2239652A00BFAC81 /* AppDelegate.swift in Sources */ = {isa = PBXBuildFile; fileRef = 850D396B2239652A00BFAC81 /* AppDelegate.swift */; };
		850D39732239652C00BFAC81 /* Assets.xcassets in Resources */ = {isa = PBXBuildFile; fileRef = 850D39722239652C00BFAC81 /* Assets.xcassets */; };
		850D39762239652C00BFAC81 /* LaunchScreen.storyboard in Resources */ = {isa = PBXBuildFile; fileRef = 850D39742239652C00BFAC81 /* LaunchScreen.storyboard */; };
		850D398D22396C5600BFAC81 /* TestEndPoint.swift in Sources */ = {isa = PBXBuildFile; fileRef = 850D397F22396C5600BFAC81 /* TestEndPoint.swift */; };
		850D398E22396C5600BFAC81 /* NetworkManager.swift in Sources */ = {isa = PBXBuildFile; fileRef = 850D398122396C5600BFAC81 /* NetworkManager.swift */; };
		850D398F22396C5600BFAC81 /* NetworkRouter.swift in Sources */ = {isa = PBXBuildFile; fileRef = 850D398322396C5600BFAC81 /* NetworkRouter.swift */; };
		850D399022396C5600BFAC81 /* HTTPTask.swift in Sources */ = {isa = PBXBuildFile; fileRef = 850D398422396C5600BFAC81 /* HTTPTask.swift */; };
		850D399122396C5600BFAC81 /* HTTPMethod.swift in Sources */ = {isa = PBXBuildFile; fileRef = 850D398522396C5600BFAC81 /* HTTPMethod.swift */; };
		850D399222396C5600BFAC81 /* Router.swift in Sources */ = {isa = PBXBuildFile; fileRef = 850D398622396C5600BFAC81 /* Router.swift */; };
		850D399322396C5600BFAC81 /* EndPointType.swift in Sources */ = {isa = PBXBuildFile; fileRef = 850D398722396C5600BFAC81 /* EndPointType.swift */; };
		850D399422396C5600BFAC81 /* ParameterEncoder.swift in Sources */ = {isa = PBXBuildFile; fileRef = 850D398922396C5600BFAC81 /* ParameterEncoder.swift */; };
		850D399522396C5600BFAC81 /* URLParameterEncoder.swift in Sources */ = {isa = PBXBuildFile; fileRef = 850D398A22396C5600BFAC81 /* URLParameterEncoder.swift */; };
		850D399622396C5600BFAC81 /* JSONParameterEncoder.swift in Sources */ = {isa = PBXBuildFile; fileRef = 850D398B22396C5600BFAC81 /* JSONParameterEncoder.swift */; };
		850D399722396C5600BFAC81 /* NetworkError.swift in Sources */ = {isa = PBXBuildFile; fileRef = 850D398C22396C5600BFAC81 /* NetworkError.swift */; };
		850D399A22396D1000BFAC81 /* Recipe.swift in Sources */ = {isa = PBXBuildFile; fileRef = 850D399922396D1000BFAC81 /* Recipe.swift */; };
		850D399D223971D400BFAC81 /* RecepiesTableViewController.swift in Sources */ = {isa = PBXBuildFile; fileRef = 850D399C223971D400BFAC81 /* RecepiesTableViewController.swift */; };
/* End PBXBuildFile section */

/* Begin PBXFileReference section */
		446DC3E95540F2F3E74F6CCE /* Pods-test2.release.xcconfig */ = {isa = PBXFileReference; includeInIndex = 1; lastKnownFileType = text.xcconfig; name = "Pods-test2.release.xcconfig"; path = "Target Support Files/Pods-test2/Pods-test2.release.xcconfig"; sourceTree = "<group>"; };
		4FFC97F8F91742FC483C0FA1 /* Pods-test2.debug.xcconfig */ = {isa = PBXFileReference; includeInIndex = 1; lastKnownFileType = text.xcconfig; name = "Pods-test2.debug.xcconfig"; path = "Target Support Files/Pods-test2/Pods-test2.debug.xcconfig"; sourceTree = "<group>"; };
		850D39682239652A00BFAC81 /* test2.app */ = {isa = PBXFileReference; explicitFileType = wrapper.application; includeInIndex = 0; path = test2.app; sourceTree = BUILT_PRODUCTS_DIR; };
		850D396B2239652A00BFAC81 /* AppDelegate.swift */ = {isa = PBXFileReference; lastKnownFileType = sourcecode.swift; path = AppDelegate.swift; sourceTree = "<group>"; };
		850D39722239652C00BFAC81 /* Assets.xcassets */ = {isa = PBXFileReference; lastKnownFileType = folder.assetcatalog; path = Assets.xcassets; sourceTree = "<group>"; };
		850D39752239652C00BFAC81 /* Base */ = {isa = PBXFileReference; lastKnownFileType = file.storyboard; name = Base; path = Base.lproj/LaunchScreen.storyboard; sourceTree = "<group>"; };
		850D39772239652C00BFAC81 /* Info.plist */ = {isa = PBXFileReference; lastKnownFileType = text.plist.xml; path = Info.plist; sourceTree = "<group>"; };
		850D397F22396C5600BFAC81 /* TestEndPoint.swift */ = {isa = PBXFileReference; fileEncoding = 4; lastKnownFileType = sourcecode.swift; path = TestEndPoint.swift; sourceTree = "<group>"; };
		850D398122396C5600BFAC81 /* NetworkManager.swift */ = {isa = PBXFileReference; fileEncoding = 4; lastKnownFileType = sourcecode.swift; path = NetworkManager.swift; sourceTree = "<group>"; };
		850D398322396C5600BFAC81 /* NetworkRouter.swift */ = {isa = PBXFileReference; fileEncoding = 4; lastKnownFileType = sourcecode.swift; path = NetworkRouter.swift; sourceTree = "<group>"; };
		850D398422396C5600BFAC81 /* HTTPTask.swift */ = {isa = PBXFileReference; fileEncoding = 4; lastKnownFileType = sourcecode.swift; path = HTTPTask.swift; sourceTree = "<group>"; };
		850D398522396C5600BFAC81 /* HTTPMethod.swift */ = {isa = PBXFileReference; fileEncoding = 4; lastKnownFileType = sourcecode.swift; path = HTTPMethod.swift; sourceTree = "<group>"; };
		850D398622396C5600BFAC81 /* Router.swift */ = {isa = PBXFileReference; fileEncoding = 4; lastKnownFileType = sourcecode.swift; path = Router.swift; sourceTree = "<group>"; };
		850D398722396C5600BFAC81 /* EndPointType.swift */ = {isa = PBXFileReference; fileEncoding = 4; lastKnownFileType = sourcecode.swift; path = EndPointType.swift; sourceTree = "<group>"; };
		850D398922396C5600BFAC81 /* ParameterEncoder.swift */ = {isa = PBXFileReference; fileEncoding = 4; lastKnownFileType = sourcecode.swift; path = ParameterEncoder.swift; sourceTree = "<group>"; };
		850D398A22396C5600BFAC81 /* URLParameterEncoder.swift */ = {isa = PBXFileReference; fileEncoding = 4; lastKnownFileType = sourcecode.swift; path = URLParameterEncoder.swift; sourceTree = "<group>"; };
		850D398B22396C5600BFAC81 /* JSONParameterEncoder.swift */ = {isa = PBXFileReference; fileEncoding = 4; lastKnownFileType = sourcecode.swift; path = JSONParameterEncoder.swift; sourceTree = "<group>"; };
		850D398C22396C5600BFAC81 /* NetworkError.swift */ = {isa = PBXFileReference; fileEncoding = 4; lastKnownFileType = sourcecode.swift; path = NetworkError.swift; sourceTree = "<group>"; };
		850D399922396D1000BFAC81 /* Recipe.swift */ = {isa = PBXFileReference; lastKnownFileType = sourcecode.swift; path = Recipe.swift; sourceTree = "<group>"; };
		850D399C223971D400BFAC81 /* RecepiesTableViewController.swift */ = {isa = PBXFileReference; lastKnownFileType = sourcecode.swift; path = RecepiesTableViewController.swift; sourceTree = "<group>"; };
		E4DEF187FAB6A7B6F9E4A193 /* Pods_test2.framework */ = {isa = PBXFileReference; explicitFileType = wrapper.framework; includeInIndex = 0; path = Pods_test2.framework; sourceTree = BUILT_PRODUCTS_DIR; };
/* End PBXFileReference section */

/* Begin PBXFrameworksBuildPhase section */
		850D39652239652A00BFAC81 /* Frameworks */ = {
			isa = PBXFrameworksBuildPhase;
			buildActionMask = 2147483647;
			files = (
				0E68EC0FA1668E4D34B4A74C /* Pods_test2.framework in Frameworks */,
			);
			runOnlyForDeploymentPostprocessing = 0;
		};
/* End PBXFrameworksBuildPhase section */

/* Begin PBXGroup section */
		0E307ECCD05C75F729CB2DAF /* Pods */ = {
			isa = PBXGroup;
			children = (
				4FFC97F8F91742FC483C0FA1 /* Pods-test2.debug.xcconfig */,
				446DC3E95540F2F3E74F6CCE /* Pods-test2.release.xcconfig */,
			);
			path = Pods;
			sourceTree = "<group>";
		};
		3659F64A322884413EEDCE88 /* Frameworks */ = {
			isa = PBXGroup;
			children = (
				E4DEF187FAB6A7B6F9E4A193 /* Pods_test2.framework */,
			);
			name = Frameworks;
			sourceTree = "<group>";
		};
		850D395F2239652A00BFAC81 = {
			isa = PBXGroup;
			children = (
				850D396A2239652A00BFAC81 /* test2 */,
				850D39692239652A00BFAC81 /* Products */,
				0E307ECCD05C75F729CB2DAF /* Pods */,
				3659F64A322884413EEDCE88 /* Frameworks */,
			);
			sourceTree = "<group>";
		};
		850D39692239652A00BFAC81 /* Products */ = {
			isa = PBXGroup;
			children = (
				850D39682239652A00BFAC81 /* test2.app */,
			);
			name = Products;
			sourceTree = "<group>";
		};
		850D396A2239652A00BFAC81 /* test2 */ = {
			isa = PBXGroup;
			children = (
				850D399822396D0100BFAC81 /* Model */,
				850D399E223974C100BFAC81 /* View */,
				850D399B223971B900BFAC81 /* Controller */,
				850D397D22396C3F00BFAC81 /* Networking */,
				850D396B2239652A00BFAC81 /* AppDelegate.swift */,
				850D39772239652C00BFAC81 /* Info.plist */,
			);
			path = test2;
			sourceTree = "<group>";
		};
		850D397D22396C3F00BFAC81 /* Networking */ = {
			isa = PBXGroup;
			children = (
				850D398822396C5600BFAC81 /* Encoding */,
				850D397E22396C5600BFAC81 /* EndPoint */,
				850D398022396C5600BFAC81 /* Manager */,
				850D398222396C5600BFAC81 /* Service */,
			);
			path = Networking;
			sourceTree = "<group>";
		};
		850D397E22396C5600BFAC81 /* EndPoint */ = {
			isa = PBXGroup;
			children = (
				850D397F22396C5600BFAC81 /* TestEndPoint.swift */,
			);
			path = EndPoint;
			sourceTree = "<group>";
		};
		850D398022396C5600BFAC81 /* Manager */ = {
			isa = PBXGroup;
			children = (
				850D398122396C5600BFAC81 /* NetworkManager.swift */,
			);
			path = Manager;
			sourceTree = "<group>";
		};
		850D398222396C5600BFAC81 /* Service */ = {
			isa = PBXGroup;
			children = (
				850D398322396C5600BFAC81 /* NetworkRouter.swift */,
				850D398422396C5600BFAC81 /* HTTPTask.swift */,
				850D398522396C5600BFAC81 /* HTTPMethod.swift */,
				850D398622396C5600BFAC81 /* Router.swift */,
				850D398722396C5600BFAC81 /* EndPointType.swift */,
			);
			path = Service;
			sourceTree = "<group>";
		};
		850D398822396C5600BFAC81 /* Encoding */ = {
			isa = PBXGroup;
			children = (
				850D398922396C5600BFAC81 /* ParameterEncoder.swift */,
				850D398A22396C5600BFAC81 /* URLParameterEncoder.swift */,
				850D398B22396C5600BFAC81 /* JSONParameterEncoder.swift */,
				850D398C22396C5600BFAC81 /* NetworkError.swift */,
			);
			path = Encoding;
			sourceTree = "<group>";
		};
		850D399822396D0100BFAC81 /* Model */ = {
			isa = PBXGroup;
			children = (
				850D399922396D1000BFAC81 /* Recipe.swift */,
			);
			path = Model;
			sourceTree = "<group>";
		};
		850D399B223971B900BFAC81 /* Controller */ = {
			isa = PBXGroup;
			children = (
				850D399C223971D400BFAC81 /* RecepiesTableViewController.swift */,
			);
			path = Controller;
			sourceTree = "<group>";
		};
		850D399E223974C100BFAC81 /* View */ = {
			isa = PBXGroup;
			children = (
				850D39722239652C00BFAC81 /* Assets.xcassets */,
				850D39742239652C00BFAC81 /* LaunchScreen.storyboard */,
			);
			path = View;
			sourceTree = "<group>";
		};
/* End PBXGroup section */

/* Begin PBXNativeTarget section */
		850D39672239652A00BFAC81 /* test2 */ = {
			isa = PBXNativeTarget;
			buildConfigurationList = 850D397A2239652C00BFAC81 /* Build configuration list for PBXNativeTarget "test2" */;
			buildPhases = (
				2DBBAE43BE91BCE99CE0678A /* [CP] Check Pods Manifest.lock */,
				850D39642239652A00BFAC81 /* Sources */,
				850D39652239652A00BFAC81 /* Frameworks */,
				850D39662239652A00BFAC81 /* Resources */,
				333A58467487D646C6C2B420 /* [CP] Embed Pods Frameworks */,
			);
			buildRules = (
			);
			dependencies = (
			);
			name = test2;
			productName = test2;
			productReference = 850D39682239652A00BFAC81 /* test2.app */;
			productType = "com.apple.product-type.application";
		};
/* End PBXNativeTarget section */

/* Begin PBXProject section */
		850D39602239652A00BFAC81 /* Project object */ = {
			isa = PBXProject;
			attributes = {
				LastSwiftUpdateCheck = 1010;
				LastUpgradeCheck = 1010;
				ORGANIZATIONNAME = "Alexander Batalov";
				TargetAttributes = {
					850D39672239652A00BFAC81 = {
						CreatedOnToolsVersion = 10.1;
					};
				};
			};
			buildConfigurationList = 850D39632239652A00BFAC81 /* Build configuration list for PBXProject "test2" */;
			compatibilityVersion = "Xcode 9.3";
			developmentRegion = en;
			hasScannedForEncodings = 0;
			knownRegions = (
				en,
				Base,
			);
			mainGroup = 850D395F2239652A00BFAC81;
			productRefGroup = 850D39692239652A00BFAC81 /* Products */;
			projectDirPath = "";
			projectRoot = "";
			targets = (
				850D39672239652A00BFAC81 /* test2 */,
			);
		};
/* End PBXProject section */

/* Begin PBXResourcesBuildPhase section */
		850D39662239652A00BFAC81 /* Resources */ = {
			isa = PBXResourcesBuildPhase;
			buildActionMask = 2147483647;
			files = (
				850D39762239652C00BFAC81 /* LaunchScreen.storyboard in Resources */,
				850D39732239652C00BFAC81 /* Assets.xcassets in Resources */,
			);
			runOnlyForDeploymentPostprocessing = 0;
		};
/* End PBXResourcesBuildPhase section */

/* Begin PBXShellScriptBuildPhase section */
		2DBBAE43BE91BCE99CE0678A /* [CP] Check Pods Manifest.lock */ = {
			isa = PBXShellScriptBuildPhase;
			buildActionMask = 2147483647;
			files = (
			);
			inputFileListPaths = (
			);
			inputPaths = (
				"${PODS_PODFILE_DIR_PATH}/Podfile.lock",
				"${PODS_ROOT}/Manifest.lock",
			);
			name = "[CP] Check Pods Manifest.lock";
			outputFileListPaths = (
			);
			outputPaths = (
				"$(DERIVED_FILE_DIR)/Pods-test2-checkManifestLockResult.txt",
			);
			runOnlyForDeploymentPostprocessing = 0;
			shellPath = /bin/sh;
			shellScript = "diff \"${PODS_PODFILE_DIR_PATH}/Podfile.lock\" \"${PODS_ROOT}/Manifest.lock\" > /dev/null\nif [ $? != 0 ] ; then\n    # print error to STDERR\n    echo \"error: The sandbox is not in sync with the Podfile.lock. Run 'pod install' or update your CocoaPods installation.\" >&2\n    exit 1\nfi\n# This output is used by Xcode 'outputs' to avoid re-running this script phase.\necho \"SUCCESS\" > \"${SCRIPT_OUTPUT_FILE_0}\"\n";
			showEnvVarsInLog = 0;
		};
		333A58467487D646C6C2B420 /* [CP] Embed Pods Frameworks */ = {
			isa = PBXShellScriptBuildPhase;
			buildActionMask = 2147483647;
			files = (
			);
			inputFileListPaths = (
			);
			inputPaths = (
				"${PODS_ROOT}/Target Support Files/Pods-test2/Pods-test2-frameworks.sh",
				"${BUILT_PRODUCTS_DIR}/MBProgressHUD/MBProgressHUD.framework",
			);
			name = "[CP] Embed Pods Frameworks";
			outputFileListPaths = (
			);
			outputPaths = (
				"${TARGET_BUILD_DIR}/${FRAMEWORKS_FOLDER_PATH}/MBProgressHUD.framework",
			);
			runOnlyForDeploymentPostprocessing = 0;
			shellPath = /bin/sh;
			shellScript = "\"${PODS_ROOT}/Target Support Files/Pods-test2/Pods-test2-frameworks.sh\"\n";
			showEnvVarsInLog = 0;
		};
/* End PBXShellScriptBuildPhase section */

/* Begin PBXSourcesBuildPhase section */
		850D39642239652A00BFAC81 /* Sources */ = {
			isa = PBXSourcesBuildPhase;
			buildActionMask = 2147483647;
			files = (
				850D399222396C5600BFAC81 /* Router.swift in Sources */,
				850D399A22396D1000BFAC81 /* Recipe.swift in Sources */,
				850D399522396C5600BFAC81 /* URLParameterEncoder.swift in Sources */,
				850D399022396C5600BFAC81 /* HTTPTask.swift in Sources */,
				850D399322396C5600BFAC81 /* EndPointType.swift in Sources */,
				850D399D223971D400BFAC81 /* RecepiesTableViewController.swift in Sources */,
				850D398E22396C5600BFAC81 /* NetworkManager.swift in Sources */,
				850D399122396C5600BFAC81 /* HTTPMethod.swift in Sources */,
				850D398F22396C5600BFAC81 /* NetworkRouter.swift in Sources */,
				850D399622396C5600BFAC81 /* JSONParameterEncoder.swift in Sources */,
				850D396C2239652A00BFAC81 /* AppDelegate.swift in Sources */,
				850D399722396C5600BFAC81 /* NetworkError.swift in Sources */,
				850D399422396C5600BFAC81 /* ParameterEncoder.swift in Sources */,
				850D398D22396C5600BFAC81 /* TestEndPoint.swift in Sources */,
			);
			runOnlyForDeploymentPostprocessing = 0;
		};
/* End PBXSourcesBuildPhase section */

/* Begin PBXVariantGroup section */
		850D39742239652C00BFAC81 /* LaunchScreen.storyboard */ = {
			isa = PBXVariantGroup;
			children = (
				850D39752239652C00BFAC81 /* Base */,
			);
			name = LaunchScreen.storyboard;
			sourceTree = "<group>";
		};
/* End PBXVariantGroup section */

/* Begin XCBuildConfiguration section */
		850D39782239652C00BFAC81 /* Debug */ = {
			isa = XCBuildConfiguration;
			buildSettings = {
				ALWAYS_SEARCH_USER_PATHS = NO;
				CLANG_ANALYZER_NONNULL = YES;
				CLANG_ANALYZER_NUMBER_OBJECT_CONVERSION = YES_AGGRESSIVE;
				CLANG_CXX_LANGUAGE_STANDARD = "gnu++14";
				CLANG_CXX_LIBRARY = "libc++";
				CLANG_ENABLE_MODULES = YES;
				CLANG_ENABLE_OBJC_ARC = YES;
				CLANG_ENABLE_OBJC_WEAK = YES;
				CLANG_WARN_BLOCK_CAPTURE_AUTORELEASING = YES;
				CLANG_WARN_BOOL_CONVERSION = YES;
				CLANG_WARN_COMMA = YES;
				CLANG_WARN_CONSTANT_CONVERSION = YES;
				CLANG_WARN_DEPRECATED_OBJC_IMPLEMENTATIONS = YES;
				CLANG_WARN_DIRECT_OBJC_ISA_USAGE = YES_ERROR;
				CLANG_WARN_DOCUMENTATION_COMMENTS = YES;
				CLANG_WARN_EMPTY_BODY = YES;
				CLANG_WARN_ENUM_CONVERSION = YES;
				CLANG_WARN_INFINITE_RECURSION = YES;
				CLANG_WARN_INT_CONVERSION = YES;
				CLANG_WARN_NON_LITERAL_NULL_CONVERSION = YES;
				CLANG_WARN_OBJC_IMPLICIT_RETAIN_SELF = YES;
				CLANG_WARN_OBJC_LITERAL_CONVERSION = YES;
				CLANG_WARN_OBJC_ROOT_CLASS = YES_ERROR;
				CLANG_WARN_RANGE_LOOP_ANALYSIS = YES;
				CLANG_WARN_STRICT_PROTOTYPES = YES;
				CLANG_WARN_SUSPICIOUS_MOVE = YES;
				CLANG_WARN_UNGUARDED_AVAILABILITY = YES_AGGRESSIVE;
				CLANG_WARN_UNREACHABLE_CODE = YES;
				CLANG_WARN__DUPLICATE_METHOD_MATCH = YES;
				CODE_SIGN_IDENTITY = "iPhone Developer";
				COPY_PHASE_STRIP = NO;
				DEBUG_INFORMATION_FORMAT = dwarf;
				ENABLE_STRICT_OBJC_MSGSEND = YES;
				ENABLE_TESTABILITY = YES;
				GCC_C_LANGUAGE_STANDARD = gnu11;
				GCC_DYNAMIC_NO_PIC = NO;
				GCC_NO_COMMON_BLOCKS = YES;
				GCC_OPTIMIZATION_LEVEL = 0;
				GCC_PREPROCESSOR_DEFINITIONS = (
					"DEBUG=1",
					"$(inherited)",
				);
				GCC_WARN_64_TO_32_BIT_CONVERSION = YES;
				GCC_WARN_ABOUT_RETURN_TYPE = YES_ERROR;
				GCC_WARN_UNDECLARED_SELECTOR = YES;
				GCC_WARN_UNINITIALIZED_AUTOS = YES_AGGRESSIVE;
				GCC_WARN_UNUSED_FUNCTION = YES;
				GCC_WARN_UNUSED_VARIABLE = YES;
				IPHONEOS_DEPLOYMENT_TARGET = 12.1;
				MTL_ENABLE_DEBUG_INFO = INCLUDE_SOURCE;
				MTL_FAST_MATH = YES;
				ONLY_ACTIVE_ARCH = YES;
				SDKROOT = iphoneos;
				SWIFT_ACTIVE_COMPILATION_CONDITIONS = DEBUG;
				SWIFT_OPTIMIZATION_LEVEL = "-Onone";
			};
			name = Debug;
		};
		850D39792239652C00BFAC81 /* Release */ = {
			isa = XCBuildConfiguration;
			buildSettings = {
				ALWAYS_SEARCH_USER_PATHS = NO;
				CLANG_ANALYZER_NONNULL = YES;
				CLANG_ANALYZER_NUMBER_OBJECT_CONVERSION = YES_AGGRESSIVE;
				CLANG_CXX_LANGUAGE_STANDARD = "gnu++14";
				CLANG_CXX_LIBRARY = "libc++";
				CLANG_ENABLE_MODULES = YES;
				CLANG_ENABLE_OBJC_ARC = YES;
				CLANG_ENABLE_OBJC_WEAK = YES;
				CLANG_WARN_BLOCK_CAPTURE_AUTORELEASING = YES;
				CLANG_WARN_BOOL_CONVERSION = YES;
				CLANG_WARN_COMMA = YES;
				CLANG_WARN_CONSTANT_CONVERSION = YES;
				CLANG_WARN_DEPRECATED_OBJC_IMPLEMENTATIONS = YES;
				CLANG_WARN_DIRECT_OBJC_ISA_USAGE = YES_ERROR;
				CLANG_WARN_DOCUMENTATION_COMMENTS = YES;
				CLANG_WARN_EMPTY_BODY = YES;
				CLANG_WARN_ENUM_CONVERSION = YES;
				CLANG_WARN_INFINITE_RECURSION = YES;
				CLANG_WARN_INT_CONVERSION = YES;
				CLANG_WARN_NON_LITERAL_NULL_CONVERSION = YES;
				CLANG_WARN_OBJC_IMPLICIT_RETAIN_SELF = YES;
				CLANG_WARN_OBJC_LITERAL_CONVERSION = YES;
				CLANG_WARN_OBJC_ROOT_CLASS = YES_ERROR;
				CLANG_WARN_RANGE_LOOP_ANALYSIS = YES;
				CLANG_WARN_STRICT_PROTOTYPES = YES;
				CLANG_WARN_SUSPICIOUS_MOVE = YES;
				CLANG_WARN_UNGUARDED_AVAILABILITY = YES_AGGRESSIVE;
				CLANG_WARN_UNREACHABLE_CODE = YES;
				CLANG_WARN__DUPLICATE_METHOD_MATCH = YES;
				CODE_SIGN_IDENTITY = "iPhone Developer";
				COPY_PHASE_STRIP = NO;
				DEBUG_INFORMATION_FORMAT = "dwarf-with-dsym";
				ENABLE_NS_ASSERTIONS = NO;
				ENABLE_STRICT_OBJC_MSGSEND = YES;
				GCC_C_LANGUAGE_STANDARD = gnu11;
				GCC_NO_COMMON_BLOCKS = YES;
				GCC_WARN_64_TO_32_BIT_CONVERSION = YES;
				GCC_WARN_ABOUT_RETURN_TYPE = YES_ERROR;
				GCC_WARN_UNDECLARED_SELECTOR = YES;
				GCC_WARN_UNINITIALIZED_AUTOS = YES_AGGRESSIVE;
				GCC_WARN_UNUSED_FUNCTION = YES;
				GCC_WARN_UNUSED_VARIABLE = YES;
				IPHONEOS_DEPLOYMENT_TARGET = 12.1;
				MTL_ENABLE_DEBUG_INFO = NO;
				MTL_FAST_MATH = YES;
				SDKROOT = iphoneos;
				SWIFT_COMPILATION_MODE = wholemodule;
				SWIFT_OPTIMIZATION_LEVEL = "-O";
				VALIDATE_PRODUCT = YES;
			};
			name = Release;
		};
		850D397B2239652C00BFAC81 /* Debug */ = {
			isa = XCBuildConfiguration;
			baseConfigurationReference = 4FFC97F8F91742FC483C0FA1 /* Pods-test2.debug.xcconfig */;
			buildSettings = {
				ASSETCATALOG_COMPILER_APPICON_NAME = AppIcon;
				CODE_SIGN_STYLE = Automatic;
				DEVELOPMENT_TEAM = M7NRPN43W5;
				INFOPLIST_FILE = test2/Info.plist;
				LD_RUNPATH_SEARCH_PATHS = (
					"$(inherited)",
					"@executable_path/Frameworks",
				);
				PRODUCT_BUNDLE_IDENTIFIER = com.alexanderbatalov.test2;
				PRODUCT_NAME = "$(TARGET_NAME)";
				SWIFT_VERSION = 4.2;
				TARGETED_DEVICE_FAMILY = "1,2";
			};
			name = Debug;
		};
		850D397C2239652C00BFAC81 /* Release */ = {
			isa = XCBuildConfiguration;
			baseConfigurationReference = 446DC3E95540F2F3E74F6CCE /* Pods-test2.release.xcconfig */;
			buildSettings = {
				ASSETCATALOG_COMPILER_APPICON_NAME = AppIcon;
				CODE_SIGN_STYLE = Automatic;
				DEVELOPMENT_TEAM = M7NRPN43W5;
				INFOPLIST_FILE = test2/Info.plist;
				LD_RUNPATH_SEARCH_PATHS = (
					"$(inherited)",
					"@executable_path/Frameworks",
				);
				PRODUCT_BUNDLE_IDENTIFIER = com.alexanderbatalov.test2;
				PRODUCT_NAME = "$(TARGET_NAME)";
				SWIFT_VERSION = 4.2;
				TARGETED_DEVICE_FAMILY = "1,2";
			};
			name = Release;
		};
/* End XCBuildConfiguration section */

/* Begin XCConfigurationList section */
		850D39632239652A00BFAC81 /* Build configuration list for PBXProject "test2" */ = {
			isa = XCConfigurationList;
			buildConfigurations = (
				850D39782239652C00BFAC81 /* Debug */,
				850D39792239652C00BFAC81 /* Release */,
			);
			defaultConfigurationIsVisible = 0;
			defaultConfigurationName = Release;
		};
		850D397A2239652C00BFAC81 /* Build configuration list for PBXNativeTarget "test2" */ = {
			isa = XCConfigurationList;
			buildConfigurations = (
				850D397B2239652C00BFAC81 /* Debug */,
				850D397C2239652C00BFAC81 /* Release */,
			);
			defaultConfigurationIsVisible = 0;
			defaultConfigurationName = Release;
		};
/* End XCConfigurationList section */
	};
	rootObject = 850D39602239652A00BFAC81 /* Project object */;
}
